{
  "name": "js",
  "version": "1.0.0",
  "lockfileVersion": 1,
  "requires": true,
  "dependencies": {
    "baconjs": {
      "version": "3.0.13",
      "resolved": "https://registry.npmjs.org/baconjs/-/baconjs-3.0.13.tgz",
      "integrity": "sha512-5rrJFq9O69UwSALfLumxdeHGeBoe8dT6bTu5SllcnB6N44/iCXntZKiDG6WdTwxcx4Im1B1pQ3K0tXKUWgy89Q=="
    },
    "highland": {
      "version": "2.13.5",
      "resolved": "https://registry.npmjs.org/highland/-/highland-2.13.5.tgz",
      "integrity": "sha512-dn2flPapIIAa4BtkB2ahjshg8iSJtrJtdhEb9/oiOrS5HMQTR/GuhFpqJ+11YBdtnl3AwWKvbZd1Uxr8uAmA7A==",
      "requires": {
        "util-deprecate": "^1.0.2"
      }
    },
    "node-fetch": {
      "version": "2.6.1",
      "resolved": "https://registry.npmjs.org/node-fetch/-/node-fetch-2.6.1.tgz",
      "integrity": "sha512-V4aYg89jEoVRxRb2fJdAg8FHvI7cEyYdVAh94HH0UIK8oJxUfkjlDQN9RbMx+bEjP7+ggMiFRprSti032Oipxw=="
    },
    "util-deprecate": {
      "version": "1.0.2",
      "resolved": "https://registry.npmjs.org/util-deprecate/-/util-deprecate-1.0.2.tgz",
      "integrity": "sha1-RQ1Nyfpw3nMnYvvS1KKJgUGaDM8="
    }
  }
}
